<?xml version="1.0" encoding="utf-8"?>
<Project ToolsVersion="4.0" xmlns="http://schemas.microsoft.com/developer/msbuild/2003">
  <ItemGroup>
    <Filter Include="Source Files">
      <UniqueIdentifier>{4FC737F1-C7A5-4376-A066-2A32D752A2FF}</UniqueIdentifier>
      <Extensions>cpp;c;cc;cxx;def;odl;idl;hpj;bat;asm;asmx</Extensions>
    </Filter>
    <Filter Include="Header Files">
      <UniqueIdentifier>{93995380-89BD-4b04-88EB-625FBE52EBFB}</UniqueIdentifier>
      <Extensions>h;hpp;hxx;hm;inl;inc;xsd</Extensions>
    </Filter>
    <Filter Include="Resource Files">
      <UniqueIdentifier>{67DA6AB6-F800-4c08-8B7A-83BB121AAD01}</UniqueIdentifier>
      <Extensions>rc;ico;cur;bmp;dlg;rc2;rct;bin;rgs;gif;jpg;jpeg;jpe;resx;tiff;tif;png;wav;mfcribbon-ms</Extensions>
    </Filter>
    <Filter Include="Header Files\SDK">
      <UniqueIdentifier>{013eb187-aab8-4ae1-a9b7-e2b3093cd04d}</UniqueIdentifier>
    </Filter>
    <Filter Include="Header Files\SDK\Interfaces">
      <UniqueIdentifier>{7608c3e9-0528-4e25-9961-a75b51c3f941}</UniqueIdentifier>
    </Filter>
    <Filter Include="Source Files\SDK">
      <UniqueIdentifier>{8c40ff3a-876d-41d9-b6f7-5f89ca2f05a4}</UniqueIdentifier>
    </Filter>
    <Filter Include="Source Files\MySQL">
      <UniqueIdentifier>{93c705db-5ab5-4a3c-b3b7-003599f355be}</UniqueIdentifier>
    </Filter>
    <Filter Include="Header Files\MySQL">
      <UniqueIdentifier>{e570b366-6c77-4816-bcc4-38c11a8c3906}</UniqueIdentifier>
    </Filter>
    <Filter Include="Libraries">
      <UniqueIdentifier>{88fbf403-831d-4ef6-988b-ed951178c8e1}</UniqueIdentifier>
    </Filter>
  </ItemGroup>
  <ItemGroup>
    <ClCompile Include="Main.cpp">
      <Filter>Source Files</Filter>
    </ClCompile>
    <ClCompile Include="SDK.cpp">
      <Filter>Source Files\SDK</Filter>
    </ClCompile>
    <ClCompile Include="ScriptFunctions.cpp">
      <Filter>Source Files</Filter>
    </ClCompile>
    <ClCompile Include="MySQL\handler.cpp">
      <Filter>Source Files\MySQL</Filter>
    </ClCompile>
    <ClCompile Include="MySQL\result.cpp">
      <Filter>Source Files\MySQL</Filter>
    </ClCompile>
  </ItemGroup>
  <ItemGroup>
    <ClInclude Include="Interfaces\CPlayerManagerInterface.h">
      <Filter>Header Files\SDK\Interfaces</Filter>
    </ClInclude>
    <ClInclude Include="Interfaces\InterfaceCommon.h">
      <Filter>Header Files\SDK\Interfaces</Filter>
    </ClInclude>
    <ClInclude Include="Interfaces\CNetworkPlayerInterface.h">
      <Filter>Header Files\SDK\Interfaces</Filter>
    </ClInclude>
    <ClInclude Include="Interfaces\CSquirrelInterface.h">
      <Filter>Header Files\SDK\Interfaces</Filter>
    </ClInclude>
    <ClInclude Include="Interfaces\CEventsInterface.h">
      <Filter>Header Files\SDK\Interfaces</Filter>
    </ClInclude>
    <ClInclude Include="Interfaces\CCoreInterface.h">
      <Filter>Header Files\SDK\Interfaces</Filter>
    </ClInclude>
    <ClInclude Include="Interfaces\CBlipInterface.h">
      <Filter>Header Files\SDK\Interfaces</Filter>
    </ClInclude>
    <ClInclude Include="Interfaces\CBlipManagerInterface.h">
      <Filter>Header Files\SDK\Interfaces</Filter>
    </ClInclude>
    <ClInclude Include="Interfaces\CVehicleManagerInterface.h">
      <Filter>Header Files\SDK\Interfaces</Filter>
    </ClInclude>
    <ClInclude Include="Interfaces\CNetworkVehicleInterface.h">
      <Filter>Header Files\SDK\Interfaces</Filter>
    </ClInclude>
    <ClInclude Include="SDK.h">
      <Filter>Header Files\SDK</Filter>
    </ClInclude>
    <ClInclude Include="Squirrel.h">
      <Filter>Header Files\SDK</Filter>
    </ClInclude>
    <ClInclude Include="ScriptFunctions.h">
      <Filter>Header Files</Filter>
    </ClInclude>
    <ClInclude Include="Interfaces\CBanManagerInterface.h">
      <Filter>Header Files\SDK\Interfaces</Filter>
    </ClInclude>
    <ClInclude Include="Interfaces\CResourceManagerInterface.h">
      <Filter>Header Files\SDK\Interfaces</Filter>
    </ClInclude>
    <ClInclude Include="MySQL\handler.h">
      <Filter>Header Files\MySQL</Filter>
    </ClInclude>
    <ClInclude Include="MySQL\result.h">
      <Filter>Header Files\MySQL</Filter>
    </ClInclude>
    <ClInclude Include="Libraries\config-win.h">
      <Filter>Libraries</Filter>
    </ClInclude>
    <ClInclude Include="Libraries\decimal.h">
      <Filter>Libraries</Filter>
    </ClInclude>
    <ClInclude Include="Libraries\errmsg.h">
      <Filter>Libraries</Filter>
    </ClInclude>
    <ClInclude Include="Libraries\keycache.h">
      <Filter>Libraries</Filter>
    </ClInclude>
    <ClInclude Include="Libraries\m_ctype.h">
      <Filter>Libraries</Filter>
    </ClInclude>
    <ClInclude Include="Libraries\m_string.h">
      <Filter>Libraries</Filter>
    </ClInclude>
    <ClInclude Include="Libraries\my_alloc.h">
      <Filter>Libraries</Filter>
    </ClInclude>
    <ClInclude Include="Libraries\my_attribute.h">
      <Filter>Libraries</Filter>
    </ClInclude>
    <ClInclude Include="Libraries\my_dbug.h">
      <Filter>Libraries</Filter>
    </ClInclude>
    <ClInclude Include="Libraries\my_dir.h">
      <Filter>Libraries</Filter>
    </ClInclude>
    <ClInclude Include="Libraries\my_getopt.h">
      <Filter>Libraries</Filter>
    </ClInclude>
    <ClInclude Include="Libraries\my_global.h">
      <Filter>Libraries</Filter>
    </ClInclude>
    <ClInclude Include="Libraries\my_list.h">
      <Filter>Libraries</Filter>
    </ClInclude>
    <ClInclude Include="Libraries\my_net.h">
      <Filter>Libraries</Filter>
    </ClInclude>
    <ClInclude Include="Libraries\my_no_pthread.h">
      <Filter>Libraries</Filter>
    </ClInclude>
    <ClInclude Include="Libraries\my_pthread.h">
      <Filter>Libraries</Filter>
    </ClInclude>
    <ClInclude Include="Libraries\my_sys.h">
      <Filter>Libraries</Filter>
    </ClInclude>
    <ClInclude Include="Libraries\my_xml.h">
      <Filter>Libraries</Filter>
    </ClInclude>
    <ClInclude Include="Libraries\mysql.h">
      <Filter>Libraries</Filter>
    </ClInclude>
    <ClInclude Include="Libraries\mysql_com.h">
      <Filter>Libraries</Filter>
    </ClInclude>
    <ClInclude Include="Libraries\mysql_embed.h">
      <Filter>Libraries</Filter>
    </ClInclude>
    <ClInclude Include="Libraries\mysql_time.h">
      <Filter>Libraries</Filter>
    </ClInclude>
    <ClInclude Include="Libraries\mysql_version.h">
      <Filter>Libraries</Filter>
    </ClInclude>
    <ClInclude Include="Libraries\mysqld_ername.h">
      <Filter>Libraries</Filter>
    </ClInclude>
    <ClInclude Include="Libraries\mysqld_error.h">
      <Filter>Libraries</Filter>
    </ClInclude>
    <ClInclude Include="Libraries\raid.h">
      <Filter>Libraries</Filter>
    </ClInclude>
    <ClInclude Include="Libraries\sql_common.h">
      <Filter>Libraries</Filter>
    </ClInclude>
    <ClInclude Include="Libraries\sql_state.h">
      <Filter>Libraries</Filter>
    </ClInclude>
    <ClInclude Include="Libraries\sslopt-case.h">
      <Filter>Libraries</Filter>
    </ClInclude>
    <ClInclude Include="Libraries\sslopt-longopts.h">
      <Filter>Libraries</Filter>
    </ClInclude>
    <ClInclude Include="Libraries\sslopt-vars.h">
      <Filter>Libraries</Filter>
    </ClInclude>
    <ClInclude Include="Libraries\typelib.h">
      <Filter>Libraries</Filter>
    </ClInclude>
  </ItemGroup>
  <ItemGroup>
    <Library Include="Libraries\libmysql.lib">
      <Filter>Libraries</Filter>
    </Library>
  </ItemGroup>
</Project>